{
  "name": "env-spec-bridge",
  "version": "1.0.0",
  "lockfileVersion": 3,
  "requires": true,
  "packages": {
    "": {
      "name": "env-spec-bridge",
      "version": "1.0.0",
      "license": "ISC",
      "dependencies": {
        "@env-spec/parser": "^0.4.1"
      }
    },
    "node_modules/@env-spec/parser": {
      "version": "0.4.1",
      "resolved": "https://registry.npmjs.org/@env-spec/parser/-/parser-0.4.1.tgz",
      "integrity": "sha512-Fw1f6ohtTm7T6nz+SWBywaNHPwpcmDqk0pgcaxLJr7SmiOwLFpJa6NluxWs/NLPh8xz1v3LTPFQ+yU/me5+KQw==",
      "license": "MIT",
      "engines": {
        "node": ">=22"
      }
    }
  }
}
